
Microsoft Visual Studio Solution File, Format Version 12.00
# Visual Studio Version 17
VisualStudioVersion = 17.9.34622.214
MinimumVisualStudioVersion = 10.0.40219.1
Project("{FAE04EC0-301F-11D3-BF4B-00C04F79EFBC}") = "PCSX2GameTranslator", "PCSX2GameTranslator\PCSX2GameTranslator.csproj", "{1DD82393-ADA3-4202-94BF-EA95A8F6CE26}"
EndProject
Global
	GlobalSection(SolutionConfigurationPlatforms) = preSolution
		Debug|Any CPU = Debug|Any CPU
		Release|Any CPU = Release|Any CPU
	EndGlobalSection
	GlobalSection(ProjectConfigurationPlatforms) = postSolution
		{1DD82393-ADA3-4202-94BF-EA95A8F6CE26}.Debug|Any CPU.ActiveCfg = Debug|Any CPU
		{1DD82393-ADA3-4202-94BF-EA95A8F6CE26}.Debug|Any CPU.Build.0 = Debug|Any CPU
		{1DD82393-ADA3-4202-94BF-EA95A8F6CE26}.Release|Any CPU.ActiveCfg = Release|Any CPU
		{1DD82393-ADA3-4202-94BF-EA95A8F6CE26}.Release|Any CPU.Build.0 = Release|Any CPU
	EndGlobalSection
	GlobalSection(SolutionProperties) = preSolution
		HideSolutionNode = FALSE
	EndGlobalSection
	GlobalSection(ExtensibilityGlobals) = postSolution
		SolutionGuid = {31DA6CE6-9B31-4FFE-A6DC-803C9337533B}
	EndGlobalSection
EndGlobal
